
Microsoft Visual Studio Solution File, Format Version 12.00
# Visual Studio Version 17
VisualStudioVersion = 17.5.002.0
MinimumVisualStudioVersion = 10.0.40219.1
Project("{9A19103F-16F7-4668-BE54-9A1E7A4F7556}") = "AlocacaoVeiuculo", "AlocacaoVeiuculo.csproj", "{B79E4C30-418F-49CF-9F27-8FCCD08FD63B}"
EndProject
Global
	GlobalSection(SolutionConfigurationPlatforms) = preSolution
		Debug|Any CPU = Debug|Any CPU
		Release|Any CPU = Release|Any CPU
	EndGlobalSection
	GlobalSection(ProjectConfigurationPlatforms) = postSolution
		{B79E4C30-418F-49CF-9F27-8FCCD08FD63B}.Debug|Any CPU.ActiveCfg = Debug|Any CPU
		{B79E4C30-418F-49CF-9F27-8FCCD08FD63B}.Debug|Any CPU.Build.0 = Debug|Any CPU
		{B79E4C30-418F-49CF-9F27-8FCCD08FD63B}.Release|Any CPU.ActiveCfg = Release|Any CPU
		{B79E4C30-418F-49CF-9F27-8FCCD08FD63B}.Release|Any CPU.Build.0 = Release|Any CPU
	EndGlobalSection
	GlobalSection(SolutionProperties) = preSolution
		HideSolutionNode = FALSE
	EndGlobalSection
	GlobalSection(ExtensibilityGlobals) = postSolution
		SolutionGuid = {E3864480-1213-4AFB-BB41-E739368E1F14}
	EndGlobalSection
EndGlobal
